
Microsoft Visual Studio Solution File, Format Version 12.00
# Visual Studio 15
VisualStudioVersion = 15.0.26430.16
MinimumVisualStudioVersion = 10.0.40219.1
Project("{FAE04EC0-301F-11D3-BF4B-00C04F79EFBC}") = "DotE Mod", "DotE Mod.csproj", "{767AACF3-9503-4EE1-83A7-3EE3208603FE}"
EndProject
Project("{FAE04EC0-301F-11D3-BF4B-00C04F79EFBC}") = "DotE_DLL_Mod", "DotE_DLL_Mod\DotE_DLL_Mod.csproj", "{5D021EAD-1E81-4141-B4D7-5F1CD6D1D0F7}"
EndProject
Project("{FAE04EC0-301F-11D3-BF4B-00C04F79EFBC}") = "DotE_Patch_Mod", "..\DotE_Patch_Mod\DotE_Patch_Mod.csproj", "{6C04C85B-D183-45D2-98D5-0168B613DA54}"
EndProject
Global
	GlobalSection(SolutionConfigurationPlatforms) = preSolution
		Debug|Any CPU = Debug|Any CPU
		Release|Any CPU = Release|Any CPU
	EndGlobalSection
	GlobalSection(ProjectConfigurationPlatforms) = postSolution
		{767AACF3-9503-4EE1-83A7-3EE3208603FE}.Debug|Any CPU.ActiveCfg = Debug|Any CPU
		{767AACF3-9503-4EE1-83A7-3EE3208603FE}.Debug|Any CPU.Build.0 = Debug|Any CPU
		{767AACF3-9503-4EE1-83A7-3EE3208603FE}.Release|Any CPU.ActiveCfg = Release|Any CPU
		{767AACF3-9503-4EE1-83A7-3EE3208603FE}.Release|Any CPU.Build.0 = Release|Any CPU
		{5D021EAD-1E81-4141-B4D7-5F1CD6D1D0F7}.Debug|Any CPU.ActiveCfg = Debug|Any CPU
		{5D021EAD-1E81-4141-B4D7-5F1CD6D1D0F7}.Debug|Any CPU.Build.0 = Debug|Any CPU
		{5D021EAD-1E81-4141-B4D7-5F1CD6D1D0F7}.Release|Any CPU.ActiveCfg = Release|Any CPU
		{5D021EAD-1E81-4141-B4D7-5F1CD6D1D0F7}.Release|Any CPU.Build.0 = Release|Any CPU
		{6C04C85B-D183-45D2-98D5-0168B613DA54}.Debug|Any CPU.ActiveCfg = Debug|Any CPU
		{6C04C85B-D183-45D2-98D5-0168B613DA54}.Debug|Any CPU.Build.0 = Debug|Any CPU
		{6C04C85B-D183-45D2-98D5-0168B613DA54}.Release|Any CPU.ActiveCfg = Release|Any CPU
		{6C04C85B-D183-45D2-98D5-0168B613DA54}.Release|Any CPU.Build.0 = Release|Any CPU
	EndGlobalSection
	GlobalSection(SolutionProperties) = preSolution
		HideSolutionNode = FALSE
	EndGlobalSection
	GlobalSection(ExtensibilityGlobals) = postSolution
		SolutionGuid = {81B9DC63-B7AD-475C-91A0-0971AD21E87C}
	EndGlobalSection
EndGlobal
