
Microsoft Visual Studio Solution File, Format Version 12.00
# Visual Studio Version 16
VisualStudioVersion = 16.0.28803.156
MinimumVisualStudioVersion = 10.0.40219.1
Project("{FAE04EC0-301F-11D3-BF4B-00C04F79EFBC}") = "DotE_Combo_Mod", "DotE_Combo_Mod.csproj", "{6C04C85B-D183-45D2-98D5-0168B613DA54}"
EndProject
Project("{FAE04EC0-301F-11D3-BF4B-00C04F79EFBC}") = "DustDevilFramework", "DustDevilFramework\DustDevilFramework.csproj", "{C984CE07-D68C-443D-9558-A317A20CE3FA}"
EndProject
Project("{FAE04EC0-301F-11D3-BF4B-00C04F79EFBC}") = "DustlessPod-Mod", "DustlessPod-Mod\DustlessPod-Mod.csproj", "{C53BE1C5-3C99-4BF4-ACE8-37EC4A745011}"
EndProject
Project("{FAE04EC0-301F-11D3-BF4B-00C04F79EFBC}") = "HomogenyPod-Mod", "HomogenyPod-Mod\HomogenyPod-Mod.csproj", "{5B07F1F9-4373-41F3-B48E-EFA5AC9E04F5}"
EndProject
Project("{FAE04EC0-301F-11D3-BF4B-00C04F79EFBC}") = "ExitFinder-Mod", "ExitFinder-Mod\ExitFinder-Mod.csproj", "{F51E3114-7C7A-4C89-9EA2-16F674F0DCF4}"
EndProject
Project("{FAE04EC0-301F-11D3-BF4B-00C04F79EFBC}") = "DustGenerator-Mod", "DustGenerator-Mod\DustGenerator-Mod.csproj", "{3D9203BE-5FA4-4307-94A6-5F2E6ACB78E2}"
EndProject
Project("{FAE04EC0-301F-11D3-BF4B-00C04F79EFBC}") = "DustWithCrystal-Mod", "DustWithCrystal-Mod\DustWithCrystal-Mod.csproj", "{C3B103ED-985B-4A6C-BECB-E41A05A0FEAC}"
EndProject
Project("{FAE04EC0-301F-11D3-BF4B-00C04F79EFBC}") = "CustomHero-Mod", "CustomHero-Mod\CustomHero-Mod.csproj", "{9602B7D5-32B6-4571-9EA2-8C27058AF287}"
EndProject
Project("{FAE04EC0-301F-11D3-BF4B-00C04F79EFBC}") = "NoDustPod-Mod", "NoDustPod-Mod\NoDustPod-Mod.csproj", "{AD4B0A15-0A09-4DCA-BA4B-E888958C829F}"
EndProject
Project("{FAE04EC0-301F-11D3-BF4B-00C04F79EFBC}") = "Ping-Mod", "Ping-Mod\Ping-Mod.csproj", "{34EB5280-4A60-4008-B78A-E1FBECA8D4C5}"
EndProject
Project("{FAE04EC0-301F-11D3-BF4B-00C04F79EFBC}") = "TrueIGT-Mod", "TrueIGT-Mod\TrueIGT-Mod.csproj", "{B580B9DF-578B-48A3-947D-AE483621FB5C}"
EndProject
Project("{FAE04EC0-301F-11D3-BF4B-00C04F79EFBC}") = "OPSashaItem-Mod", "CustomItems-Mod\OPSashaItem-Mod.csproj", "{963BFB0A-0115-4FEB-9A3F-7D35008CDFC4}"
EndProject
Project("{FAE04EC0-301F-11D3-BF4B-00C04F79EFBC}") = "ShinyHero-Mod", "ShinyHero-Mod\ShinyHero-Mod.csproj", "{3A81C1A1-4A8A-433F-8172-F1FE9F86344B}"
EndProject
Project("{FAE04EC0-301F-11D3-BF4B-00C04F79EFBC}") = "SeededDungeon-Mod", "SeededDungeon-Mod\SeededDungeon-Mod.csproj", "{02839133-4313-4648-B9B8-0F874BA3EB9A}"
EndProject
Project("{FAE04EC0-301F-11D3-BF4B-00C04F79EFBC}") = "QueueActions-Mod", "QueueActions-Mod\QueueActions-Mod.csproj", "{6FEF00FB-3400-477C-9F79-0915ABD64C4E}"
EndProject
Project("{FAE04EC0-301F-11D3-BF4B-00C04F79EFBC}") = "SimpleCheats-Mod", "SimpleCheats-Mod\SimpleCheats-Mod.csproj", "{4DA91547-0CA1-48D2-B8E8-FD89476E8D08}"
EndProject
Project("{FAE04EC0-301F-11D3-BF4B-00C04F79EFBC}") = "ResourceLimiter-Mod", "ResourceLimiter-Mod\ResourceLimiter-Mod.csproj", "{259A1B2B-748B-4655-9AB4-CE1BDCE951ED}"
EndProject
Project("{FAE04EC0-301F-11D3-BF4B-00C04F79EFBC}") = "DuplicateHeroSelection-Mod", "DuplicateHeroSelection-Mod\DuplicateHeroSelection-Mod.csproj", "{E3DC604F-3152-4DA4-8285-C1A9DA090135}"
EndProject
Project("{FAE04EC0-301F-11D3-BF4B-00C04F79EFBC}") = "TASTools-Mod", "TASTools-Mod\TASTools-Mod.csproj", "{D4C5EC80-BDFB-49A6-9D19-5E0AA144525A}"
EndProject
Project("{FAE04EC0-301F-11D3-BF4B-00C04F79EFBC}") = "SeedFinder-Mod", "SeedFinder-Mod\SeedFinder-Mod.csproj", "{5A73ACF7-CA40-4A49-BF66-5A95488CC287}"
EndProject
Project("{FAE04EC0-301F-11D3-BF4B-00C04F79EFBC}") = "Template-Mod", "Template-Mod\Template-Mod.csproj", "{CE167D17-342F-4472-B40E-9C945C4C0093}"
EndProject
Project("{FAE04EC0-301F-11D3-BF4B-00C04F79EFBC}") = "GotoFloor-Mod", "GotoFloor-Mod\GotoFloor-Mod.csproj", "{1ED42E29-F9A2-404D-A264-D9F3E2AF53F5}"
EndProject
Project("{FAE04EC0-301F-11D3-BF4B-00C04F79EFBC}") = "DungeonModifications-Mod", "DungeonModifications-Mod\DungeonModifications-Mod.csproj", "{BF373E53-A11E-4825-AFCE-90D8CC39FF0D}"
EndProject
Project("{FAE04EC0-301F-11D3-BF4B-00C04F79EFBC}") = "ManyHeroes-Mod", "ManyHeroes-Mod\ManyHeroes-Mod.csproj", "{60BE2DB7-050D-49EE-A03A-E1A2A9C6C059}"
EndProject
Global
	GlobalSection(SolutionConfigurationPlatforms) = preSolution
		Debug|Any CPU = Debug|Any CPU
		Debug|ARM = Debug|ARM
		Debug|ARM64 = Debug|ARM64
		Debug|x64 = Debug|x64
		Debug|x86 = Debug|x86
		Release|Any CPU = Release|Any CPU
		Release|ARM = Release|ARM
		Release|ARM64 = Release|ARM64
		Release|x64 = Release|x64
		Release|x86 = Release|x86
	EndGlobalSection
	GlobalSection(ProjectConfigurationPlatforms) = postSolution
		{6C04C85B-D183-45D2-98D5-0168B613DA54}.Debug|Any CPU.ActiveCfg = Debug|Any CPU
		{6C04C85B-D183-45D2-98D5-0168B613DA54}.Debug|Any CPU.Build.0 = Debug|Any CPU
		{6C04C85B-D183-45D2-98D5-0168B613DA54}.Debug|ARM.ActiveCfg = Debug|Any CPU
		{6C04C85B-D183-45D2-98D5-0168B613DA54}.Debug|ARM.Build.0 = Debug|Any CPU
		{6C04C85B-D183-45D2-98D5-0168B613DA54}.Debug|ARM64.ActiveCfg = Debug|Any CPU
		{6C04C85B-D183-45D2-98D5-0168B613DA54}.Debug|ARM64.Build.0 = Debug|Any CPU
		{6C04C85B-D183-45D2-98D5-0168B613DA54}.Debug|x64.ActiveCfg = Debug|Any CPU
		{6C04C85B-D183-45D2-98D5-0168B613DA54}.Debug|x64.Build.0 = Debug|Any CPU
		{6C04C85B-D183-45D2-98D5-0168B613DA54}.Debug|x86.ActiveCfg = Debug|Any CPU
		{6C04C85B-D183-45D2-98D5-0168B613DA54}.Debug|x86.Build.0 = Debug|Any CPU
		{6C04C85B-D183-45D2-98D5-0168B613DA54}.Release|Any CPU.ActiveCfg = Release|Any CPU
		{6C04C85B-D183-45D2-98D5-0168B613DA54}.Release|Any CPU.Build.0 = Release|Any CPU
		{6C04C85B-D183-45D2-98D5-0168B613DA54}.Release|ARM.ActiveCfg = Release|Any CPU
		{6C04C85B-D183-45D2-98D5-0168B613DA54}.Release|ARM.Build.0 = Release|Any CPU
		{6C04C85B-D183-45D2-98D5-0168B613DA54}.Release|ARM64.ActiveCfg = Release|Any CPU
		{6C04C85B-D183-45D2-98D5-0168B613DA54}.Release|ARM64.Build.0 = Release|Any CPU
		{6C04C85B-D183-45D2-98D5-0168B613DA54}.Release|x64.ActiveCfg = Release|Any CPU
		{6C04C85B-D183-45D2-98D5-0168B613DA54}.Release|x64.Build.0 = Release|Any CPU
		{6C04C85B-D183-45D2-98D5-0168B613DA54}.Release|x86.ActiveCfg = Release|Any CPU
		{6C04C85B-D183-45D2-98D5-0168B613DA54}.Release|x86.Build.0 = Release|Any CPU
		{C984CE07-D68C-443D-9558-A317A20CE3FA}.Debug|Any CPU.ActiveCfg = Debug|Any CPU
		{C984CE07-D68C-443D-9558-A317A20CE3FA}.Debug|Any CPU.Build.0 = Debug|Any CPU
		{C984CE07-D68C-443D-9558-A317A20CE3FA}.Debug|ARM.ActiveCfg = Debug|Any CPU
		{C984CE07-D68C-443D-9558-A317A20CE3FA}.Debug|ARM.Build.0 = Debug|Any CPU
		{C984CE07-D68C-443D-9558-A317A20CE3FA}.Debug|ARM64.ActiveCfg = Debug|Any CPU
		{C984CE07-D68C-443D-9558-A317A20CE3FA}.Debug|ARM64.Build.0 = Debug|Any CPU
		{C984CE07-D68C-443D-9558-A317A20CE3FA}.Debug|x64.ActiveCfg = Debug|Any CPU
		{C984CE07-D68C-443D-9558-A317A20CE3FA}.Debug|x64.Build.0 = Debug|Any CPU
		{C984CE07-D68C-443D-9558-A317A20CE3FA}.Debug|x86.ActiveCfg = Debug|Any CPU
		{C984CE07-D68C-443D-9558-A317A20CE3FA}.Debug|x86.Build.0 = Debug|Any CPU
		{C984CE07-D68C-443D-9558-A317A20CE3FA}.Release|Any CPU.ActiveCfg = Release|Any CPU
		{C984CE07-D68C-443D-9558-A317A20CE3FA}.Release|Any CPU.Build.0 = Release|Any CPU
		{C984CE07-D68C-443D-9558-A317A20CE3FA}.Release|ARM.ActiveCfg = Release|Any CPU
		{C984CE07-D68C-443D-9558-A317A20CE3FA}.Release|ARM.Build.0 = Release|Any CPU
		{C984CE07-D68C-443D-9558-A317A20CE3FA}.Release|ARM64.ActiveCfg = Release|Any CPU
		{C984CE07-D68C-443D-9558-A317A20CE3FA}.Release|ARM64.Build.0 = Release|Any CPU
		{C984CE07-D68C-443D-9558-A317A20CE3FA}.Release|x64.ActiveCfg = Release|Any CPU
		{C984CE07-D68C-443D-9558-A317A20CE3FA}.Release|x64.Build.0 = Release|Any CPU
		{C984CE07-D68C-443D-9558-A317A20CE3FA}.Release|x86.ActiveCfg = Release|Any CPU
		{C984CE07-D68C-443D-9558-A317A20CE3FA}.Release|x86.Build.0 = Release|Any CPU
		{C53BE1C5-3C99-4BF4-ACE8-37EC4A745011}.Debug|Any CPU.ActiveCfg = Debug|Any CPU
		{C53BE1C5-3C99-4BF4-ACE8-37EC4A745011}.Debug|Any CPU.Build.0 = Debug|Any CPU
		{C53BE1C5-3C99-4BF4-ACE8-37EC4A745011}.Debug|ARM.ActiveCfg = Debug|Any CPU
		{C53BE1C5-3C99-4BF4-ACE8-37EC4A745011}.Debug|ARM.Build.0 = Debug|Any CPU
		{C53BE1C5-3C99-4BF4-ACE8-37EC4A745011}.Debug|ARM64.ActiveCfg = Debug|Any CPU
		{C53BE1C5-3C99-4BF4-ACE8-37EC4A745011}.Debug|ARM64.Build.0 = Debug|Any CPU
		{C53BE1C5-3C99-4BF4-ACE8-37EC4A745011}.Debug|x64.ActiveCfg = Debug|Any CPU
		{C53BE1C5-3C99-4BF4-ACE8-37EC4A745011}.Debug|x64.Build.0 = Debug|Any CPU
		{C53BE1C5-3C99-4BF4-ACE8-37EC4A745011}.Debug|x86.ActiveCfg = Debug|Any CPU
		{C53BE1C5-3C99-4BF4-ACE8-37EC4A745011}.Debug|x86.Build.0 = Debug|Any CPU
		{C53BE1C5-3C99-4BF4-ACE8-37EC4A745011}.Release|Any CPU.ActiveCfg = Release|Any CPU
		{C53BE1C5-3C99-4BF4-ACE8-37EC4A745011}.Release|Any CPU.Build.0 = Release|Any CPU
		{C53BE1C5-3C99-4BF4-ACE8-37EC4A745011}.Release|ARM.ActiveCfg = Release|Any CPU
		{C53BE1C5-3C99-4BF4-ACE8-37EC4A745011}.Release|ARM.Build.0 = Release|Any CPU
		{C53BE1C5-3C99-4BF4-ACE8-37EC4A745011}.Release|ARM64.ActiveCfg = Release|Any CPU
		{C53BE1C5-3C99-4BF4-ACE8-37EC4A745011}.Release|ARM64.Build.0 = Release|Any CPU
		{C53BE1C5-3C99-4BF4-ACE8-37EC4A745011}.Release|x64.ActiveCfg = Release|Any CPU
		{C53BE1C5-3C99-4BF4-ACE8-37EC4A745011}.Release|x64.Build.0 = Release|Any CPU
		{C53BE1C5-3C99-4BF4-ACE8-37EC4A745011}.Release|x86.ActiveCfg = Release|Any CPU
		{C53BE1C5-3C99-4BF4-ACE8-37EC4A745011}.Release|x86.Build.0 = Release|Any CPU
		{5B07F1F9-4373-41F3-B48E-EFA5AC9E04F5}.Debug|Any CPU.ActiveCfg = Debug|Any CPU
		{5B07F1F9-4373-41F3-B48E-EFA5AC9E04F5}.Debug|Any CPU.Build.0 = Debug|Any CPU
		{5B07F1F9-4373-41F3-B48E-EFA5AC9E04F5}.Debug|ARM.ActiveCfg = Debug|Any CPU
		{5B07F1F9-4373-41F3-B48E-EFA5AC9E04F5}.Debug|ARM.Build.0 = Debug|Any CPU
		{5B07F1F9-4373-41F3-B48E-EFA5AC9E04F5}.Debug|ARM64.ActiveCfg = Debug|Any CPU
		{5B07F1F9-4373-41F3-B48E-EFA5AC9E04F5}.Debug|ARM64.Build.0 = Debug|Any CPU
		{5B07F1F9-4373-41F3-B48E-EFA5AC9E04F5}.Debug|x64.ActiveCfg = Debug|Any CPU
		{5B07F1F9-4373-41F3-B48E-EFA5AC9E04F5}.Debug|x64.Build.0 = Debug|Any CPU
		{5B07F1F9-4373-41F3-B48E-EFA5AC9E04F5}.Debug|x86.ActiveCfg = Debug|Any CPU
		{5B07F1F9-4373-41F3-B48E-EFA5AC9E04F5}.Debug|x86.Build.0 = Debug|Any CPU
		{5B07F1F9-4373-41F3-B48E-EFA5AC9E04F5}.Release|Any CPU.ActiveCfg = Release|Any CPU
		{5B07F1F9-4373-41F3-B48E-EFA5AC9E04F5}.Release|Any CPU.Build.0 = Release|Any CPU
		{5B07F1F9-4373-41F3-B48E-EFA5AC9E04F5}.Release|ARM.ActiveCfg = Release|Any CPU
		{5B07F1F9-4373-41F3-B48E-EFA5AC9E04F5}.Release|ARM.Build.0 = Release|Any CPU
		{5B07F1F9-4373-41F3-B48E-EFA5AC9E04F5}.Release|ARM64.ActiveCfg = Release|Any CPU
		{5B07F1F9-4373-41F3-B48E-EFA5AC9E04F5}.Release|ARM64.Build.0 = Release|Any CPU
		{5B07F1F9-4373-41F3-B48E-EFA5AC9E04F5}.Release|x64.ActiveCfg = Release|Any CPU
		{5B07F1F9-4373-41F3-B48E-EFA5AC9E04F5}.Release|x64.Build.0 = Release|Any CPU
		{5B07F1F9-4373-41F3-B48E-EFA5AC9E04F5}.Release|x86.ActiveCfg = Release|Any CPU
		{5B07F1F9-4373-41F3-B48E-EFA5AC9E04F5}.Release|x86.Build.0 = Release|Any CPU
		{F51E3114-7C7A-4C89-9EA2-16F674F0DCF4}.Debug|Any CPU.ActiveCfg = Debug|Any CPU
		{F51E3114-7C7A-4C89-9EA2-16F674F0DCF4}.Debug|Any CPU.Build.0 = Debug|Any CPU
		{F51E3114-7C7A-4C89-9EA2-16F674F0DCF4}.Debug|ARM.ActiveCfg = Debug|Any CPU
		{F51E3114-7C7A-4C89-9EA2-16F674F0DCF4}.Debug|ARM.Build.0 = Debug|Any CPU
		{F51E3114-7C7A-4C89-9EA2-16F674F0DCF4}.Debug|ARM64.ActiveCfg = Debug|Any CPU
		{F51E3114-7C7A-4C89-9EA2-16F674F0DCF4}.Debug|ARM64.Build.0 = Debug|Any CPU
		{F51E3114-7C7A-4C89-9EA2-16F674F0DCF4}.Debug|x64.ActiveCfg = Debug|Any CPU
		{F51E3114-7C7A-4C89-9EA2-16F674F0DCF4}.Debug|x64.Build.0 = Debug|Any CPU
		{F51E3114-7C7A-4C89-9EA2-16F674F0DCF4}.Debug|x86.ActiveCfg = Debug|Any CPU
		{F51E3114-7C7A-4C89-9EA2-16F674F0DCF4}.Debug|x86.Build.0 = Debug|Any CPU
		{F51E3114-7C7A-4C89-9EA2-16F674F0DCF4}.Release|Any CPU.ActiveCfg = Release|Any CPU
		{F51E3114-7C7A-4C89-9EA2-16F674F0DCF4}.Release|Any CPU.Build.0 = Release|Any CPU
		{F51E3114-7C7A-4C89-9EA2-16F674F0DCF4}.Release|ARM.ActiveCfg = Release|Any CPU
		{F51E3114-7C7A-4C89-9EA2-16F674F0DCF4}.Release|ARM.Build.0 = Release|Any CPU
		{F51E3114-7C7A-4C89-9EA2-16F674F0DCF4}.Release|ARM64.ActiveCfg = Release|Any CPU
		{F51E3114-7C7A-4C89-9EA2-16F674F0DCF4}.Release|ARM64.Build.0 = Release|Any CPU
		{F51E3114-7C7A-4C89-9EA2-16F674F0DCF4}.Release|x64.ActiveCfg = Release|Any CPU
		{F51E3114-7C7A-4C89-9EA2-16F674F0DCF4}.Release|x64.Build.0 = Release|Any CPU
		{F51E3114-7C7A-4C89-9EA2-16F674F0DCF4}.Release|x86.ActiveCfg = Release|Any CPU
		{F51E3114-7C7A-4C89-9EA2-16F674F0DCF4}.Release|x86.Build.0 = Release|Any CPU
		{3D9203BE-5FA4-4307-94A6-5F2E6ACB78E2}.Debug|Any CPU.ActiveCfg = Debug|Any CPU
		{3D9203BE-5FA4-4307-94A6-5F2E6ACB78E2}.Debug|Any CPU.Build.0 = Debug|Any CPU
		{3D9203BE-5FA4-4307-94A6-5F2E6ACB78E2}.Debug|ARM.ActiveCfg = Debug|Any CPU
		{3D9203BE-5FA4-4307-94A6-5F2E6ACB78E2}.Debug|ARM.Build.0 = Debug|Any CPU
		{3D9203BE-5FA4-4307-94A6-5F2E6ACB78E2}.Debug|ARM64.ActiveCfg = Debug|Any CPU
		{3D9203BE-5FA4-4307-94A6-5F2E6ACB78E2}.Debug|ARM64.Build.0 = Debug|Any CPU
		{3D9203BE-5FA4-4307-94A6-5F2E6ACB78E2}.Debug|x64.ActiveCfg = Debug|Any CPU
		{3D9203BE-5FA4-4307-94A6-5F2E6ACB78E2}.Debug|x64.Build.0 = Debug|Any CPU
		{3D9203BE-5FA4-4307-94A6-5F2E6ACB78E2}.Debug|x86.ActiveCfg = Debug|Any CPU
		{3D9203BE-5FA4-4307-94A6-5F2E6ACB78E2}.Debug|x86.Build.0 = Debug|Any CPU
		{3D9203BE-5FA4-4307-94A6-5F2E6ACB78E2}.Release|Any CPU.ActiveCfg = Release|Any CPU
		{3D9203BE-5FA4-4307-94A6-5F2E6ACB78E2}.Release|Any CPU.Build.0 = Release|Any CPU
		{3D9203BE-5FA4-4307-94A6-5F2E6ACB78E2}.Release|ARM.ActiveCfg = Release|Any CPU
		{3D9203BE-5FA4-4307-94A6-5F2E6ACB78E2}.Release|ARM.Build.0 = Release|Any CPU
		{3D9203BE-5FA4-4307-94A6-5F2E6ACB78E2}.Release|ARM64.ActiveCfg = Release|Any CPU
		{3D9203BE-5FA4-4307-94A6-5F2E6ACB78E2}.Release|ARM64.Build.0 = Release|Any CPU
		{3D9203BE-5FA4-4307-94A6-5F2E6ACB78E2}.Release|x64.ActiveCfg = Release|Any CPU
		{3D9203BE-5FA4-4307-94A6-5F2E6ACB78E2}.Release|x64.Build.0 = Release|Any CPU
		{3D9203BE-5FA4-4307-94A6-5F2E6ACB78E2}.Release|x86.ActiveCfg = Release|Any CPU
		{3D9203BE-5FA4-4307-94A6-5F2E6ACB78E2}.Release|x86.Build.0 = Release|Any CPU
		{C3B103ED-985B-4A6C-BECB-E41A05A0FEAC}.Debug|Any CPU.ActiveCfg = Debug|Any CPU
		{C3B103ED-985B-4A6C-BECB-E41A05A0FEAC}.Debug|Any CPU.Build.0 = Debug|Any CPU
		{C3B103ED-985B-4A6C-BECB-E41A05A0FEAC}.Debug|ARM.ActiveCfg = Debug|Any CPU
		{C3B103ED-985B-4A6C-BECB-E41A05A0FEAC}.Debug|ARM.Build.0 = Debug|Any CPU
		{C3B103ED-985B-4A6C-BECB-E41A05A0FEAC}.Debug|ARM64.ActiveCfg = Debug|Any CPU
		{C3B103ED-985B-4A6C-BECB-E41A05A0FEAC}.Debug|ARM64.Build.0 = Debug|Any CPU
		{C3B103ED-985B-4A6C-BECB-E41A05A0FEAC}.Debug|x64.ActiveCfg = Debug|Any CPU
		{C3B103ED-985B-4A6C-BECB-E41A05A0FEAC}.Debug|x64.Build.0 = Debug|Any CPU
		{C3B103ED-985B-4A6C-BECB-E41A05A0FEAC}.Debug|x86.ActiveCfg = Debug|Any CPU
		{C3B103ED-985B-4A6C-BECB-E41A05A0FEAC}.Debug|x86.Build.0 = Debug|Any CPU
		{C3B103ED-985B-4A6C-BECB-E41A05A0FEAC}.Release|Any CPU.ActiveCfg = Release|Any CPU
		{C3B103ED-985B-4A6C-BECB-E41A05A0FEAC}.Release|Any CPU.Build.0 = Release|Any CPU
		{C3B103ED-985B-4A6C-BECB-E41A05A0FEAC}.Release|ARM.ActiveCfg = Release|Any CPU
		{C3B103ED-985B-4A6C-BECB-E41A05A0FEAC}.Release|ARM.Build.0 = Release|Any CPU
		{C3B103ED-985B-4A6C-BECB-E41A05A0FEAC}.Release|ARM64.ActiveCfg = Release|Any CPU
		{C3B103ED-985B-4A6C-BECB-E41A05A0FEAC}.Release|ARM64.Build.0 = Release|Any CPU
		{C3B103ED-985B-4A6C-BECB-E41A05A0FEAC}.Release|x64.ActiveCfg = Release|Any CPU
		{C3B103ED-985B-4A6C-BECB-E41A05A0FEAC}.Release|x64.Build.0 = Release|Any CPU
		{C3B103ED-985B-4A6C-BECB-E41A05A0FEAC}.Release|x86.ActiveCfg = Release|Any CPU
		{C3B103ED-985B-4A6C-BECB-E41A05A0FEAC}.Release|x86.Build.0 = Release|Any CPU
		{9602B7D5-32B6-4571-9EA2-8C27058AF287}.Debug|Any CPU.ActiveCfg = Debug|Any CPU
		{9602B7D5-32B6-4571-9EA2-8C27058AF287}.Debug|Any CPU.Build.0 = Debug|Any CPU
		{9602B7D5-32B6-4571-9EA2-8C27058AF287}.Debug|ARM.ActiveCfg = Debug|Any CPU
		{9602B7D5-32B6-4571-9EA2-8C27058AF287}.Debug|ARM.Build.0 = Debug|Any CPU
		{9602B7D5-32B6-4571-9EA2-8C27058AF287}.Debug|ARM64.ActiveCfg = Debug|Any CPU
		{9602B7D5-32B6-4571-9EA2-8C27058AF287}.Debug|ARM64.Build.0 = Debug|Any CPU
		{9602B7D5-32B6-4571-9EA2-8C27058AF287}.Debug|x64.ActiveCfg = Debug|Any CPU
		{9602B7D5-32B6-4571-9EA2-8C27058AF287}.Debug|x64.Build.0 = Debug|Any CPU
		{9602B7D5-32B6-4571-9EA2-8C27058AF287}.Debug|x86.ActiveCfg = Debug|Any CPU
		{9602B7D5-32B6-4571-9EA2-8C27058AF287}.Debug|x86.Build.0 = Debug|Any CPU
		{9602B7D5-32B6-4571-9EA2-8C27058AF287}.Release|Any CPU.ActiveCfg = Release|Any CPU
		{9602B7D5-32B6-4571-9EA2-8C27058AF287}.Release|Any CPU.Build.0 = Release|Any CPU
		{9602B7D5-32B6-4571-9EA2-8C27058AF287}.Release|ARM.ActiveCfg = Release|Any CPU
		{9602B7D5-32B6-4571-9EA2-8C27058AF287}.Release|ARM.Build.0 = Release|Any CPU
		{9602B7D5-32B6-4571-9EA2-8C27058AF287}.Release|ARM64.ActiveCfg = Release|Any CPU
		{9602B7D5-32B6-4571-9EA2-8C27058AF287}.Release|ARM64.Build.0 = Release|Any CPU
		{9602B7D5-32B6-4571-9EA2-8C27058AF287}.Release|x64.ActiveCfg = Release|Any CPU
		{9602B7D5-32B6-4571-9EA2-8C27058AF287}.Release|x64.Build.0 = Release|Any CPU
		{9602B7D5-32B6-4571-9EA2-8C27058AF287}.Release|x86.ActiveCfg = Release|Any CPU
		{9602B7D5-32B6-4571-9EA2-8C27058AF287}.Release|x86.Build.0 = Release|Any CPU
		{AD4B0A15-0A09-4DCA-BA4B-E888958C829F}.Debug|Any CPU.ActiveCfg = Debug|Any CPU
		{AD4B0A15-0A09-4DCA-BA4B-E888958C829F}.Debug|Any CPU.Build.0 = Debug|Any CPU
		{AD4B0A15-0A09-4DCA-BA4B-E888958C829F}.Debug|ARM.ActiveCfg = Debug|Any CPU
		{AD4B0A15-0A09-4DCA-BA4B-E888958C829F}.Debug|ARM.Build.0 = Debug|Any CPU
		{AD4B0A15-0A09-4DCA-BA4B-E888958C829F}.Debug|ARM64.ActiveCfg = Debug|Any CPU
		{AD4B0A15-0A09-4DCA-BA4B-E888958C829F}.Debug|ARM64.Build.0 = Debug|Any CPU
		{AD4B0A15-0A09-4DCA-BA4B-E888958C829F}.Debug|x64.ActiveCfg = Debug|Any CPU
		{AD4B0A15-0A09-4DCA-BA4B-E888958C829F}.Debug|x64.Build.0 = Debug|Any CPU
		{AD4B0A15-0A09-4DCA-BA4B-E888958C829F}.Debug|x86.ActiveCfg = Debug|Any CPU
		{AD4B0A15-0A09-4DCA-BA4B-E888958C829F}.Debug|x86.Build.0 = Debug|Any CPU
		{AD4B0A15-0A09-4DCA-BA4B-E888958C829F}.Release|Any CPU.ActiveCfg = Release|Any CPU
		{AD4B0A15-0A09-4DCA-BA4B-E888958C829F}.Release|Any CPU.Build.0 = Release|Any CPU
		{AD4B0A15-0A09-4DCA-BA4B-E888958C829F}.Release|ARM.ActiveCfg = Release|Any CPU
		{AD4B0A15-0A09-4DCA-BA4B-E888958C829F}.Release|ARM.Build.0 = Release|Any CPU
		{AD4B0A15-0A09-4DCA-BA4B-E888958C829F}.Release|ARM64.ActiveCfg = Release|Any CPU
		{AD4B0A15-0A09-4DCA-BA4B-E888958C829F}.Release|ARM64.Build.0 = Release|Any CPU
		{AD4B0A15-0A09-4DCA-BA4B-E888958C829F}.Release|x64.ActiveCfg = Release|Any CPU
		{AD4B0A15-0A09-4DCA-BA4B-E888958C829F}.Release|x64.Build.0 = Release|Any CPU
		{AD4B0A15-0A09-4DCA-BA4B-E888958C829F}.Release|x86.ActiveCfg = Release|Any CPU
		{AD4B0A15-0A09-4DCA-BA4B-E888958C829F}.Release|x86.Build.0 = Release|Any CPU
		{34EB5280-4A60-4008-B78A-E1FBECA8D4C5}.Debug|Any CPU.ActiveCfg = Debug|Any CPU
		{34EB5280-4A60-4008-B78A-E1FBECA8D4C5}.Debug|Any CPU.Build.0 = Debug|Any CPU
		{34EB5280-4A60-4008-B78A-E1FBECA8D4C5}.Debug|ARM.ActiveCfg = Debug|Any CPU
		{34EB5280-4A60-4008-B78A-E1FBECA8D4C5}.Debug|ARM.Build.0 = Debug|Any CPU
		{34EB5280-4A60-4008-B78A-E1FBECA8D4C5}.Debug|ARM64.ActiveCfg = Debug|Any CPU
		{34EB5280-4A60-4008-B78A-E1FBECA8D4C5}.Debug|ARM64.Build.0 = Debug|Any CPU
		{34EB5280-4A60-4008-B78A-E1FBECA8D4C5}.Debug|x64.ActiveCfg = Debug|Any CPU
		{34EB5280-4A60-4008-B78A-E1FBECA8D4C5}.Debug|x64.Build.0 = Debug|Any CPU
		{34EB5280-4A60-4008-B78A-E1FBECA8D4C5}.Debug|x86.ActiveCfg = Debug|Any CPU
		{34EB5280-4A60-4008-B78A-E1FBECA8D4C5}.Debug|x86.Build.0 = Debug|Any CPU
		{34EB5280-4A60-4008-B78A-E1FBECA8D4C5}.Release|Any CPU.ActiveCfg = Release|Any CPU
		{34EB5280-4A60-4008-B78A-E1FBECA8D4C5}.Release|Any CPU.Build.0 = Release|Any CPU
		{34EB5280-4A60-4008-B78A-E1FBECA8D4C5}.Release|ARM.ActiveCfg = Release|Any CPU
		{34EB5280-4A60-4008-B78A-E1FBECA8D4C5}.Release|ARM.Build.0 = Release|Any CPU
		{34EB5280-4A60-4008-B78A-E1FBECA8D4C5}.Release|ARM64.ActiveCfg = Release|Any CPU
		{34EB5280-4A60-4008-B78A-E1FBECA8D4C5}.Release|ARM64.Build.0 = Release|Any CPU
		{34EB5280-4A60-4008-B78A-E1FBECA8D4C5}.Release|x64.ActiveCfg = Release|Any CPU
		{34EB5280-4A60-4008-B78A-E1FBECA8D4C5}.Release|x64.Build.0 = Release|Any CPU
		{34EB5280-4A60-4008-B78A-E1FBECA8D4C5}.Release|x86.ActiveCfg = Release|Any CPU
		{34EB5280-4A60-4008-B78A-E1FBECA8D4C5}.Release|x86.Build.0 = Release|Any CPU
		{B580B9DF-578B-48A3-947D-AE483621FB5C}.Debug|Any CPU.ActiveCfg = Debug|Any CPU
		{B580B9DF-578B-48A3-947D-AE483621FB5C}.Debug|Any CPU.Build.0 = Debug|Any CPU
		{B580B9DF-578B-48A3-947D-AE483621FB5C}.Debug|ARM.ActiveCfg = Debug|Any CPU
		{B580B9DF-578B-48A3-947D-AE483621FB5C}.Debug|ARM.Build.0 = Debug|Any CPU
		{B580B9DF-578B-48A3-947D-AE483621FB5C}.Debug|ARM64.ActiveCfg = Debug|Any CPU
		{B580B9DF-578B-48A3-947D-AE483621FB5C}.Debug|ARM64.Build.0 = Debug|Any CPU
		{B580B9DF-578B-48A3-947D-AE483621FB5C}.Debug|x64.ActiveCfg = Debug|Any CPU
		{B580B9DF-578B-48A3-947D-AE483621FB5C}.Debug|x64.Build.0 = Debug|Any CPU
		{B580B9DF-578B-48A3-947D-AE483621FB5C}.Debug|x86.ActiveCfg = Debug|Any CPU
		{B580B9DF-578B-48A3-947D-AE483621FB5C}.Debug|x86.Build.0 = Debug|Any CPU
		{B580B9DF-578B-48A3-947D-AE483621FB5C}.Release|Any CPU.ActiveCfg = Release|Any CPU
		{B580B9DF-578B-48A3-947D-AE483621FB5C}.Release|Any CPU.Build.0 = Release|Any CPU
		{B580B9DF-578B-48A3-947D-AE483621FB5C}.Release|ARM.ActiveCfg = Release|Any CPU
		{B580B9DF-578B-48A3-947D-AE483621FB5C}.Release|ARM.Build.0 = Release|Any CPU
		{B580B9DF-578B-48A3-947D-AE483621FB5C}.Release|ARM64.ActiveCfg = Release|Any CPU
		{B580B9DF-578B-48A3-947D-AE483621FB5C}.Release|ARM64.Build.0 = Release|Any CPU
		{B580B9DF-578B-48A3-947D-AE483621FB5C}.Release|x64.ActiveCfg = Release|Any CPU
		{B580B9DF-578B-48A3-947D-AE483621FB5C}.Release|x64.Build.0 = Release|Any CPU
		{B580B9DF-578B-48A3-947D-AE483621FB5C}.Release|x86.ActiveCfg = Release|Any CPU
		{B580B9DF-578B-48A3-947D-AE483621FB5C}.Release|x86.Build.0 = Release|Any CPU
		{963BFB0A-0115-4FEB-9A3F-7D35008CDFC4}.Debug|Any CPU.ActiveCfg = Debug|Any CPU
		{963BFB0A-0115-4FEB-9A3F-7D35008CDFC4}.Debug|Any CPU.Build.0 = Debug|Any CPU
		{963BFB0A-0115-4FEB-9A3F-7D35008CDFC4}.Debug|ARM.ActiveCfg = Debug|Any CPU
		{963BFB0A-0115-4FEB-9A3F-7D35008CDFC4}.Debug|ARM.Build.0 = Debug|Any CPU
		{963BFB0A-0115-4FEB-9A3F-7D35008CDFC4}.Debug|ARM64.ActiveCfg = Debug|Any CPU
		{963BFB0A-0115-4FEB-9A3F-7D35008CDFC4}.Debug|ARM64.Build.0 = Debug|Any CPU
		{963BFB0A-0115-4FEB-9A3F-7D35008CDFC4}.Debug|x64.ActiveCfg = Debug|Any CPU
		{963BFB0A-0115-4FEB-9A3F-7D35008CDFC4}.Debug|x64.Build.0 = Debug|Any CPU
		{963BFB0A-0115-4FEB-9A3F-7D35008CDFC4}.Debug|x86.ActiveCfg = Debug|Any CPU
		{963BFB0A-0115-4FEB-9A3F-7D35008CDFC4}.Debug|x86.Build.0 = Debug|Any CPU
		{963BFB0A-0115-4FEB-9A3F-7D35008CDFC4}.Release|Any CPU.ActiveCfg = Release|Any CPU
		{963BFB0A-0115-4FEB-9A3F-7D35008CDFC4}.Release|Any CPU.Build.0 = Release|Any CPU
		{963BFB0A-0115-4FEB-9A3F-7D35008CDFC4}.Release|ARM.ActiveCfg = Release|Any CPU
		{963BFB0A-0115-4FEB-9A3F-7D35008CDFC4}.Release|ARM.Build.0 = Release|Any CPU
		{963BFB0A-0115-4FEB-9A3F-7D35008CDFC4}.Release|ARM64.ActiveCfg = Release|Any CPU
		{963BFB0A-0115-4FEB-9A3F-7D35008CDFC4}.Release|ARM64.Build.0 = Release|Any CPU
		{963BFB0A-0115-4FEB-9A3F-7D35008CDFC4}.Release|x64.ActiveCfg = Release|Any CPU
		{963BFB0A-0115-4FEB-9A3F-7D35008CDFC4}.Release|x64.Build.0 = Release|Any CPU
		{963BFB0A-0115-4FEB-9A3F-7D35008CDFC4}.Release|x86.ActiveCfg = Release|Any CPU
		{963BFB0A-0115-4FEB-9A3F-7D35008CDFC4}.Release|x86.Build.0 = Release|Any CPU
		{3A81C1A1-4A8A-433F-8172-F1FE9F86344B}.Debug|Any CPU.ActiveCfg = Debug|Any CPU
		{3A81C1A1-4A8A-433F-8172-F1FE9F86344B}.Debug|Any CPU.Build.0 = Debug|Any CPU
		{3A81C1A1-4A8A-433F-8172-F1FE9F86344B}.Debug|ARM.ActiveCfg = Debug|Any CPU
		{3A81C1A1-4A8A-433F-8172-F1FE9F86344B}.Debug|ARM.Build.0 = Debug|Any CPU
		{3A81C1A1-4A8A-433F-8172-F1FE9F86344B}.Debug|ARM64.ActiveCfg = Debug|Any CPU
		{3A81C1A1-4A8A-433F-8172-F1FE9F86344B}.Debug|ARM64.Build.0 = Debug|Any CPU
		{3A81C1A1-4A8A-433F-8172-F1FE9F86344B}.Debug|x64.ActiveCfg = Debug|Any CPU
		{3A81C1A1-4A8A-433F-8172-F1FE9F86344B}.Debug|x64.Build.0 = Debug|Any CPU
		{3A81C1A1-4A8A-433F-8172-F1FE9F86344B}.Debug|x86.ActiveCfg = Debug|Any CPU
		{3A81C1A1-4A8A-433F-8172-F1FE9F86344B}.Debug|x86.Build.0 = Debug|Any CPU
		{3A81C1A1-4A8A-433F-8172-F1FE9F86344B}.Release|Any CPU.ActiveCfg = Release|Any CPU
		{3A81C1A1-4A8A-433F-8172-F1FE9F86344B}.Release|Any CPU.Build.0 = Release|Any CPU
		{3A81C1A1-4A8A-433F-8172-F1FE9F86344B}.Release|ARM.ActiveCfg = Release|Any CPU
		{3A81C1A1-4A8A-433F-8172-F1FE9F86344B}.Release|ARM.Build.0 = Release|Any CPU
		{3A81C1A1-4A8A-433F-8172-F1FE9F86344B}.Release|ARM64.ActiveCfg = Release|Any CPU
		{3A81C1A1-4A8A-433F-8172-F1FE9F86344B}.Release|ARM64.Build.0 = Release|Any CPU
		{3A81C1A1-4A8A-433F-8172-F1FE9F86344B}.Release|x64.ActiveCfg = Release|Any CPU
		{3A81C1A1-4A8A-433F-8172-F1FE9F86344B}.Release|x64.Build.0 = Release|Any CPU
		{3A81C1A1-4A8A-433F-8172-F1FE9F86344B}.Release|x86.ActiveCfg = Release|Any CPU
		{3A81C1A1-4A8A-433F-8172-F1FE9F86344B}.Release|x86.Build.0 = Release|Any CPU
		{02839133-4313-4648-B9B8-0F874BA3EB9A}.Debug|Any CPU.ActiveCfg = Debug|Any CPU
		{02839133-4313-4648-B9B8-0F874BA3EB9A}.Debug|Any CPU.Build.0 = Debug|Any CPU
		{02839133-4313-4648-B9B8-0F874BA3EB9A}.Debug|ARM.ActiveCfg = Debug|Any CPU
		{02839133-4313-4648-B9B8-0F874BA3EB9A}.Debug|ARM.Build.0 = Debug|Any CPU
		{02839133-4313-4648-B9B8-0F874BA3EB9A}.Debug|ARM64.ActiveCfg = Debug|Any CPU
		{02839133-4313-4648-B9B8-0F874BA3EB9A}.Debug|ARM64.Build.0 = Debug|Any CPU
		{02839133-4313-4648-B9B8-0F874BA3EB9A}.Debug|x64.ActiveCfg = Debug|Any CPU
		{02839133-4313-4648-B9B8-0F874BA3EB9A}.Debug|x64.Build.0 = Debug|Any CPU
		{02839133-4313-4648-B9B8-0F874BA3EB9A}.Debug|x86.ActiveCfg = Debug|Any CPU
		{02839133-4313-4648-B9B8-0F874BA3EB9A}.Debug|x86.Build.0 = Debug|Any CPU
		{02839133-4313-4648-B9B8-0F874BA3EB9A}.Release|Any CPU.ActiveCfg = Release|Any CPU
		{02839133-4313-4648-B9B8-0F874BA3EB9A}.Release|Any CPU.Build.0 = Release|Any CPU
		{02839133-4313-4648-B9B8-0F874BA3EB9A}.Release|ARM.ActiveCfg = Release|Any CPU
		{02839133-4313-4648-B9B8-0F874BA3EB9A}.Release|ARM.Build.0 = Release|Any CPU
		{02839133-4313-4648-B9B8-0F874BA3EB9A}.Release|ARM64.ActiveCfg = Release|Any CPU
		{02839133-4313-4648-B9B8-0F874BA3EB9A}.Release|ARM64.Build.0 = Release|Any CPU
		{02839133-4313-4648-B9B8-0F874BA3EB9A}.Release|x64.ActiveCfg = Release|Any CPU
		{02839133-4313-4648-B9B8-0F874BA3EB9A}.Release|x64.Build.0 = Release|Any CPU
		{02839133-4313-4648-B9B8-0F874BA3EB9A}.Release|x86.ActiveCfg = Release|Any CPU
		{02839133-4313-4648-B9B8-0F874BA3EB9A}.Release|x86.Build.0 = Release|Any CPU
		{6FEF00FB-3400-477C-9F79-0915ABD64C4E}.Debug|Any CPU.ActiveCfg = Debug|Any CPU
		{6FEF00FB-3400-477C-9F79-0915ABD64C4E}.Debug|Any CPU.Build.0 = Debug|Any CPU
		{6FEF00FB-3400-477C-9F79-0915ABD64C4E}.Debug|ARM.ActiveCfg = Debug|Any CPU
		{6FEF00FB-3400-477C-9F79-0915ABD64C4E}.Debug|ARM.Build.0 = Debug|Any CPU
		{6FEF00FB-3400-477C-9F79-0915ABD64C4E}.Debug|ARM64.ActiveCfg = Debug|Any CPU
		{6FEF00FB-3400-477C-9F79-0915ABD64C4E}.Debug|ARM64.Build.0 = Debug|Any CPU
		{6FEF00FB-3400-477C-9F79-0915ABD64C4E}.Debug|x64.ActiveCfg = Debug|Any CPU
		{6FEF00FB-3400-477C-9F79-0915ABD64C4E}.Debug|x64.Build.0 = Debug|Any CPU
		{6FEF00FB-3400-477C-9F79-0915ABD64C4E}.Debug|x86.ActiveCfg = Debug|Any CPU
		{6FEF00FB-3400-477C-9F79-0915ABD64C4E}.Debug|x86.Build.0 = Debug|Any CPU
		{6FEF00FB-3400-477C-9F79-0915ABD64C4E}.Release|Any CPU.ActiveCfg = Release|Any CPU
		{6FEF00FB-3400-477C-9F79-0915ABD64C4E}.Release|Any CPU.Build.0 = Release|Any CPU
		{6FEF00FB-3400-477C-9F79-0915ABD64C4E}.Release|ARM.ActiveCfg = Release|Any CPU
		{6FEF00FB-3400-477C-9F79-0915ABD64C4E}.Release|ARM.Build.0 = Release|Any CPU
		{6FEF00FB-3400-477C-9F79-0915ABD64C4E}.Release|ARM64.ActiveCfg = Release|Any CPU
		{6FEF00FB-3400-477C-9F79-0915ABD64C4E}.Release|ARM64.Build.0 = Release|Any CPU
		{6FEF00FB-3400-477C-9F79-0915ABD64C4E}.Release|x64.ActiveCfg = Release|Any CPU
		{6FEF00FB-3400-477C-9F79-0915ABD64C4E}.Release|x64.Build.0 = Release|Any CPU
		{6FEF00FB-3400-477C-9F79-0915ABD64C4E}.Release|x86.ActiveCfg = Release|Any CPU
		{6FEF00FB-3400-477C-9F79-0915ABD64C4E}.Release|x86.Build.0 = Release|Any CPU
		{4DA91547-0CA1-48D2-B8E8-FD89476E8D08}.Debug|Any CPU.ActiveCfg = Debug|Any CPU
		{4DA91547-0CA1-48D2-B8E8-FD89476E8D08}.Debug|Any CPU.Build.0 = Debug|Any CPU
		{4DA91547-0CA1-48D2-B8E8-FD89476E8D08}.Debug|ARM.ActiveCfg = Debug|Any CPU
		{4DA91547-0CA1-48D2-B8E8-FD89476E8D08}.Debug|ARM.Build.0 = Debug|Any CPU
		{4DA91547-0CA1-48D2-B8E8-FD89476E8D08}.Debug|ARM64.ActiveCfg = Debug|Any CPU
		{4DA91547-0CA1-48D2-B8E8-FD89476E8D08}.Debug|ARM64.Build.0 = Debug|Any CPU
		{4DA91547-0CA1-48D2-B8E8-FD89476E8D08}.Debug|x64.ActiveCfg = Debug|Any CPU
		{4DA91547-0CA1-48D2-B8E8-FD89476E8D08}.Debug|x64.Build.0 = Debug|Any CPU
		{4DA91547-0CA1-48D2-B8E8-FD89476E8D08}.Debug|x86.ActiveCfg = Debug|Any CPU
		{4DA91547-0CA1-48D2-B8E8-FD89476E8D08}.Debug|x86.Build.0 = Debug|Any CPU
		{4DA91547-0CA1-48D2-B8E8-FD89476E8D08}.Release|Any CPU.ActiveCfg = Release|Any CPU
		{4DA91547-0CA1-48D2-B8E8-FD89476E8D08}.Release|Any CPU.Build.0 = Release|Any CPU
		{4DA91547-0CA1-48D2-B8E8-FD89476E8D08}.Release|ARM.ActiveCfg = Release|Any CPU
		{4DA91547-0CA1-48D2-B8E8-FD89476E8D08}.Release|ARM.Build.0 = Release|Any CPU
		{4DA91547-0CA1-48D2-B8E8-FD89476E8D08}.Release|ARM64.ActiveCfg = Release|Any CPU
		{4DA91547-0CA1-48D2-B8E8-FD89476E8D08}.Release|ARM64.Build.0 = Release|Any CPU
		{4DA91547-0CA1-48D2-B8E8-FD89476E8D08}.Release|x64.ActiveCfg = Release|Any CPU
		{4DA91547-0CA1-48D2-B8E8-FD89476E8D08}.Release|x64.Build.0 = Release|Any CPU
		{4DA91547-0CA1-48D2-B8E8-FD89476E8D08}.Release|x86.ActiveCfg = Release|Any CPU
		{4DA91547-0CA1-48D2-B8E8-FD89476E8D08}.Release|x86.Build.0 = Release|Any CPU
		{259A1B2B-748B-4655-9AB4-CE1BDCE951ED}.Debug|Any CPU.ActiveCfg = Debug|Any CPU
		{259A1B2B-748B-4655-9AB4-CE1BDCE951ED}.Debug|Any CPU.Build.0 = Debug|Any CPU
		{259A1B2B-748B-4655-9AB4-CE1BDCE951ED}.Debug|ARM.ActiveCfg = Debug|Any CPU
		{259A1B2B-748B-4655-9AB4-CE1BDCE951ED}.Debug|ARM.Build.0 = Debug|Any CPU
		{259A1B2B-748B-4655-9AB4-CE1BDCE951ED}.Debug|ARM64.ActiveCfg = Debug|Any CPU
		{259A1B2B-748B-4655-9AB4-CE1BDCE951ED}.Debug|ARM64.Build.0 = Debug|Any CPU
		{259A1B2B-748B-4655-9AB4-CE1BDCE951ED}.Debug|x64.ActiveCfg = Debug|Any CPU
		{259A1B2B-748B-4655-9AB4-CE1BDCE951ED}.Debug|x64.Build.0 = Debug|Any CPU
		{259A1B2B-748B-4655-9AB4-CE1BDCE951ED}.Debug|x86.ActiveCfg = Debug|Any CPU
		{259A1B2B-748B-4655-9AB4-CE1BDCE951ED}.Debug|x86.Build.0 = Debug|Any CPU
		{259A1B2B-748B-4655-9AB4-CE1BDCE951ED}.Release|Any CPU.ActiveCfg = Release|Any CPU
		{259A1B2B-748B-4655-9AB4-CE1BDCE951ED}.Release|Any CPU.Build.0 = Release|Any CPU
		{259A1B2B-748B-4655-9AB4-CE1BDCE951ED}.Release|ARM.ActiveCfg = Release|Any CPU
		{259A1B2B-748B-4655-9AB4-CE1BDCE951ED}.Release|ARM.Build.0 = Release|Any CPU
		{259A1B2B-748B-4655-9AB4-CE1BDCE951ED}.Release|ARM64.ActiveCfg = Release|Any CPU
		{259A1B2B-748B-4655-9AB4-CE1BDCE951ED}.Release|ARM64.Build.0 = Release|Any CPU
		{259A1B2B-748B-4655-9AB4-CE1BDCE951ED}.Release|x64.ActiveCfg = Release|Any CPU
		{259A1B2B-748B-4655-9AB4-CE1BDCE951ED}.Release|x64.Build.0 = Release|Any CPU
		{259A1B2B-748B-4655-9AB4-CE1BDCE951ED}.Release|x86.ActiveCfg = Release|Any CPU
		{259A1B2B-748B-4655-9AB4-CE1BDCE951ED}.Release|x86.Build.0 = Release|Any CPU
		{E3DC604F-3152-4DA4-8285-C1A9DA090135}.Debug|Any CPU.ActiveCfg = Debug|Any CPU
		{E3DC604F-3152-4DA4-8285-C1A9DA090135}.Debug|Any CPU.Build.0 = Debug|Any CPU
		{E3DC604F-3152-4DA4-8285-C1A9DA090135}.Debug|ARM.ActiveCfg = Debug|Any CPU
		{E3DC604F-3152-4DA4-8285-C1A9DA090135}.Debug|ARM.Build.0 = Debug|Any CPU
		{E3DC604F-3152-4DA4-8285-C1A9DA090135}.Debug|ARM64.ActiveCfg = Debug|Any CPU
		{E3DC604F-3152-4DA4-8285-C1A9DA090135}.Debug|ARM64.Build.0 = Debug|Any CPU
		{E3DC604F-3152-4DA4-8285-C1A9DA090135}.Debug|x64.ActiveCfg = Debug|Any CPU
		{E3DC604F-3152-4DA4-8285-C1A9DA090135}.Debug|x64.Build.0 = Debug|Any CPU
		{E3DC604F-3152-4DA4-8285-C1A9DA090135}.Debug|x86.ActiveCfg = Debug|Any CPU
		{E3DC604F-3152-4DA4-8285-C1A9DA090135}.Debug|x86.Build.0 = Debug|Any CPU
		{E3DC604F-3152-4DA4-8285-C1A9DA090135}.Release|Any CPU.ActiveCfg = Release|Any CPU
		{E3DC604F-3152-4DA4-8285-C1A9DA090135}.Release|Any CPU.Build.0 = Release|Any CPU
		{E3DC604F-3152-4DA4-8285-C1A9DA090135}.Release|ARM.ActiveCfg = Release|Any CPU
		{E3DC604F-3152-4DA4-8285-C1A9DA090135}.Release|ARM.Build.0 = Release|Any CPU
		{E3DC604F-3152-4DA4-8285-C1A9DA090135}.Release|ARM64.ActiveCfg = Release|Any CPU
		{E3DC604F-3152-4DA4-8285-C1A9DA090135}.Release|ARM64.Build.0 = Release|Any CPU
		{E3DC604F-3152-4DA4-8285-C1A9DA090135}.Release|x64.ActiveCfg = Release|Any CPU
		{E3DC604F-3152-4DA4-8285-C1A9DA090135}.Release|x64.Build.0 = Release|Any CPU
		{E3DC604F-3152-4DA4-8285-C1A9DA090135}.Release|x86.ActiveCfg = Release|Any CPU
		{E3DC604F-3152-4DA4-8285-C1A9DA090135}.Release|x86.Build.0 = Release|Any CPU
		{D4C5EC80-BDFB-49A6-9D19-5E0AA144525A}.Debug|Any CPU.ActiveCfg = Debug|Any CPU
		{D4C5EC80-BDFB-49A6-9D19-5E0AA144525A}.Debug|Any CPU.Build.0 = Debug|Any CPU
		{D4C5EC80-BDFB-49A6-9D19-5E0AA144525A}.Debug|ARM.ActiveCfg = Debug|Any CPU
		{D4C5EC80-BDFB-49A6-9D19-5E0AA144525A}.Debug|ARM.Build.0 = Debug|Any CPU
		{D4C5EC80-BDFB-49A6-9D19-5E0AA144525A}.Debug|ARM64.ActiveCfg = Debug|Any CPU
		{D4C5EC80-BDFB-49A6-9D19-5E0AA144525A}.Debug|ARM64.Build.0 = Debug|Any CPU
		{D4C5EC80-BDFB-49A6-9D19-5E0AA144525A}.Debug|x64.ActiveCfg = Debug|Any CPU
		{D4C5EC80-BDFB-49A6-9D19-5E0AA144525A}.Debug|x64.Build.0 = Debug|Any CPU
		{D4C5EC80-BDFB-49A6-9D19-5E0AA144525A}.Debug|x86.ActiveCfg = Debug|Any CPU
		{D4C5EC80-BDFB-49A6-9D19-5E0AA144525A}.Debug|x86.Build.0 = Debug|Any CPU
		{D4C5EC80-BDFB-49A6-9D19-5E0AA144525A}.Release|Any CPU.ActiveCfg = Release|Any CPU
		{D4C5EC80-BDFB-49A6-9D19-5E0AA144525A}.Release|Any CPU.Build.0 = Release|Any CPU
		{D4C5EC80-BDFB-49A6-9D19-5E0AA144525A}.Release|ARM.ActiveCfg = Release|Any CPU
		{D4C5EC80-BDFB-49A6-9D19-5E0AA144525A}.Release|ARM.Build.0 = Release|Any CPU
		{D4C5EC80-BDFB-49A6-9D19-5E0AA144525A}.Release|ARM64.ActiveCfg = Release|Any CPU
		{D4C5EC80-BDFB-49A6-9D19-5E0AA144525A}.Release|ARM64.Build.0 = Release|Any CPU
		{D4C5EC80-BDFB-49A6-9D19-5E0AA144525A}.Release|x64.ActiveCfg = Release|Any CPU
		{D4C5EC80-BDFB-49A6-9D19-5E0AA144525A}.Release|x64.Build.0 = Release|Any CPU
		{D4C5EC80-BDFB-49A6-9D19-5E0AA144525A}.Release|x86.ActiveCfg = Release|Any CPU
		{D4C5EC80-BDFB-49A6-9D19-5E0AA144525A}.Release|x86.Build.0 = Release|Any CPU
		{5A73ACF7-CA40-4A49-BF66-5A95488CC287}.Debug|Any CPU.ActiveCfg = Debug|Any CPU
		{5A73ACF7-CA40-4A49-BF66-5A95488CC287}.Debug|Any CPU.Build.0 = Debug|Any CPU
		{5A73ACF7-CA40-4A49-BF66-5A95488CC287}.Debug|ARM.ActiveCfg = Debug|Any CPU
		{5A73ACF7-CA40-4A49-BF66-5A95488CC287}.Debug|ARM.Build.0 = Debug|Any CPU
		{5A73ACF7-CA40-4A49-BF66-5A95488CC287}.Debug|ARM64.ActiveCfg = Debug|Any CPU
		{5A73ACF7-CA40-4A49-BF66-5A95488CC287}.Debug|ARM64.Build.0 = Debug|Any CPU
		{5A73ACF7-CA40-4A49-BF66-5A95488CC287}.Debug|x64.ActiveCfg = Debug|Any CPU
		{5A73ACF7-CA40-4A49-BF66-5A95488CC287}.Debug|x64.Build.0 = Debug|Any CPU
		{5A73ACF7-CA40-4A49-BF66-5A95488CC287}.Debug|x86.ActiveCfg = Debug|Any CPU
		{5A73ACF7-CA40-4A49-BF66-5A95488CC287}.Debug|x86.Build.0 = Debug|Any CPU
		{5A73ACF7-CA40-4A49-BF66-5A95488CC287}.Release|Any CPU.ActiveCfg = Release|Any CPU
		{5A73ACF7-CA40-4A49-BF66-5A95488CC287}.Release|Any CPU.Build.0 = Release|Any CPU
		{5A73ACF7-CA40-4A49-BF66-5A95488CC287}.Release|ARM.ActiveCfg = Release|Any CPU
		{5A73ACF7-CA40-4A49-BF66-5A95488CC287}.Release|ARM.Build.0 = Release|Any CPU
		{5A73ACF7-CA40-4A49-BF66-5A95488CC287}.Release|ARM64.ActiveCfg = Release|Any CPU
		{5A73ACF7-CA40-4A49-BF66-5A95488CC287}.Release|ARM64.Build.0 = Release|Any CPU
		{5A73ACF7-CA40-4A49-BF66-5A95488CC287}.Release|x64.ActiveCfg = Release|Any CPU
		{5A73ACF7-CA40-4A49-BF66-5A95488CC287}.Release|x64.Build.0 = Release|Any CPU
		{5A73ACF7-CA40-4A49-BF66-5A95488CC287}.Release|x86.ActiveCfg = Release|Any CPU
		{5A73ACF7-CA40-4A49-BF66-5A95488CC287}.Release|x86.Build.0 = Release|Any CPU
		{CE167D17-342F-4472-B40E-9C945C4C0093}.Debug|Any CPU.ActiveCfg = Debug|Any CPU
		{CE167D17-342F-4472-B40E-9C945C4C0093}.Debug|Any CPU.Build.0 = Debug|Any CPU
		{CE167D17-342F-4472-B40E-9C945C4C0093}.Debug|ARM.ActiveCfg = Debug|Any CPU
		{CE167D17-342F-4472-B40E-9C945C4C0093}.Debug|ARM.Build.0 = Debug|Any CPU
		{CE167D17-342F-4472-B40E-9C945C4C0093}.Debug|ARM64.ActiveCfg = Debug|Any CPU
		{CE167D17-342F-4472-B40E-9C945C4C0093}.Debug|ARM64.Build.0 = Debug|Any CPU
		{CE167D17-342F-4472-B40E-9C945C4C0093}.Debug|x64.ActiveCfg = Debug|Any CPU
		{CE167D17-342F-4472-B40E-9C945C4C0093}.Debug|x64.Build.0 = Debug|Any CPU
		{CE167D17-342F-4472-B40E-9C945C4C0093}.Debug|x86.ActiveCfg = Debug|Any CPU
		{CE167D17-342F-4472-B40E-9C945C4C0093}.Debug|x86.Build.0 = Debug|Any CPU
		{CE167D17-342F-4472-B40E-9C945C4C0093}.Release|Any CPU.ActiveCfg = Release|Any CPU
		{CE167D17-342F-4472-B40E-9C945C4C0093}.Release|Any CPU.Build.0 = Release|Any CPU
		{CE167D17-342F-4472-B40E-9C945C4C0093}.Release|ARM.ActiveCfg = Release|Any CPU
		{CE167D17-342F-4472-B40E-9C945C4C0093}.Release|ARM.Build.0 = Release|Any CPU
		{CE167D17-342F-4472-B40E-9C945C4C0093}.Release|ARM64.ActiveCfg = Release|Any CPU
		{CE167D17-342F-4472-B40E-9C945C4C0093}.Release|ARM64.Build.0 = Release|Any CPU
		{CE167D17-342F-4472-B40E-9C945C4C0093}.Release|x64.ActiveCfg = Release|Any CPU
		{CE167D17-342F-4472-B40E-9C945C4C0093}.Release|x64.Build.0 = Release|Any CPU
		{CE167D17-342F-4472-B40E-9C945C4C0093}.Release|x86.ActiveCfg = Release|Any CPU
		{CE167D17-342F-4472-B40E-9C945C4C0093}.Release|x86.Build.0 = Release|Any CPU
		{1ED42E29-F9A2-404D-A264-D9F3E2AF53F5}.Debug|Any CPU.ActiveCfg = Debug|Any CPU
		{1ED42E29-F9A2-404D-A264-D9F3E2AF53F5}.Debug|Any CPU.Build.0 = Debug|Any CPU
		{1ED42E29-F9A2-404D-A264-D9F3E2AF53F5}.Debug|ARM.ActiveCfg = Debug|Any CPU
		{1ED42E29-F9A2-404D-A264-D9F3E2AF53F5}.Debug|ARM.Build.0 = Debug|Any CPU
		{1ED42E29-F9A2-404D-A264-D9F3E2AF53F5}.Debug|ARM64.ActiveCfg = Debug|Any CPU
		{1ED42E29-F9A2-404D-A264-D9F3E2AF53F5}.Debug|ARM64.Build.0 = Debug|Any CPU
		{1ED42E29-F9A2-404D-A264-D9F3E2AF53F5}.Debug|x64.ActiveCfg = Debug|Any CPU
		{1ED42E29-F9A2-404D-A264-D9F3E2AF53F5}.Debug|x64.Build.0 = Debug|Any CPU
		{1ED42E29-F9A2-404D-A264-D9F3E2AF53F5}.Debug|x86.ActiveCfg = Debug|Any CPU
		{1ED42E29-F9A2-404D-A264-D9F3E2AF53F5}.Debug|x86.Build.0 = Debug|Any CPU
		{1ED42E29-F9A2-404D-A264-D9F3E2AF53F5}.Release|Any CPU.ActiveCfg = Release|Any CPU
		{1ED42E29-F9A2-404D-A264-D9F3E2AF53F5}.Release|Any CPU.Build.0 = Release|Any CPU
		{1ED42E29-F9A2-404D-A264-D9F3E2AF53F5}.Release|ARM.ActiveCfg = Release|Any CPU
		{1ED42E29-F9A2-404D-A264-D9F3E2AF53F5}.Release|ARM.Build.0 = Release|Any CPU
		{1ED42E29-F9A2-404D-A264-D9F3E2AF53F5}.Release|ARM64.ActiveCfg = Release|Any CPU
		{1ED42E29-F9A2-404D-A264-D9F3E2AF53F5}.Release|ARM64.Build.0 = Release|Any CPU
		{1ED42E29-F9A2-404D-A264-D9F3E2AF53F5}.Release|x64.ActiveCfg = Release|Any CPU
		{1ED42E29-F9A2-404D-A264-D9F3E2AF53F5}.Release|x64.Build.0 = Release|Any CPU
		{1ED42E29-F9A2-404D-A264-D9F3E2AF53F5}.Release|x86.ActiveCfg = Release|Any CPU
		{1ED42E29-F9A2-404D-A264-D9F3E2AF53F5}.Release|x86.Build.0 = Release|Any CPU
		{BF373E53-A11E-4825-AFCE-90D8CC39FF0D}.Debug|Any CPU.ActiveCfg = Debug|Any CPU
		{BF373E53-A11E-4825-AFCE-90D8CC39FF0D}.Debug|Any CPU.Build.0 = Debug|Any CPU
		{BF373E53-A11E-4825-AFCE-90D8CC39FF0D}.Debug|ARM.ActiveCfg = Debug|Any CPU
		{BF373E53-A11E-4825-AFCE-90D8CC39FF0D}.Debug|ARM.Build.0 = Debug|Any CPU
		{BF373E53-A11E-4825-AFCE-90D8CC39FF0D}.Debug|ARM64.ActiveCfg = Debug|Any CPU
		{BF373E53-A11E-4825-AFCE-90D8CC39FF0D}.Debug|ARM64.Build.0 = Debug|Any CPU
		{BF373E53-A11E-4825-AFCE-90D8CC39FF0D}.Debug|x64.ActiveCfg = Debug|Any CPU
		{BF373E53-A11E-4825-AFCE-90D8CC39FF0D}.Debug|x64.Build.0 = Debug|Any CPU
		{BF373E53-A11E-4825-AFCE-90D8CC39FF0D}.Debug|x86.ActiveCfg = Debug|Any CPU
		{BF373E53-A11E-4825-AFCE-90D8CC39FF0D}.Debug|x86.Build.0 = Debug|Any CPU
		{BF373E53-A11E-4825-AFCE-90D8CC39FF0D}.Release|Any CPU.ActiveCfg = Release|Any CPU
		{BF373E53-A11E-4825-AFCE-90D8CC39FF0D}.Release|Any CPU.Build.0 = Release|Any CPU
		{BF373E53-A11E-4825-AFCE-90D8CC39FF0D}.Release|ARM.ActiveCfg = Release|Any CPU
		{BF373E53-A11E-4825-AFCE-90D8CC39FF0D}.Release|ARM.Build.0 = Release|Any CPU
		{BF373E53-A11E-4825-AFCE-90D8CC39FF0D}.Release|ARM64.ActiveCfg = Release|Any CPU
		{BF373E53-A11E-4825-AFCE-90D8CC39FF0D}.Release|ARM64.Build.0 = Release|Any CPU
		{BF373E53-A11E-4825-AFCE-90D8CC39FF0D}.Release|x64.ActiveCfg = Release|Any CPU
		{BF373E53-A11E-4825-AFCE-90D8CC39FF0D}.Release|x64.Build.0 = Release|Any CPU
		{BF373E53-A11E-4825-AFCE-90D8CC39FF0D}.Release|x86.ActiveCfg = Release|Any CPU
		{BF373E53-A11E-4825-AFCE-90D8CC39FF0D}.Release|x86.Build.0 = Release|Any CPU
		{60BE2DB7-050D-49EE-A03A-E1A2A9C6C059}.Debug|Any CPU.ActiveCfg = Debug|Any CPU
		{60BE2DB7-050D-49EE-A03A-E1A2A9C6C059}.Debug|Any CPU.Build.0 = Debug|Any CPU
		{60BE2DB7-050D-49EE-A03A-E1A2A9C6C059}.Debug|ARM.ActiveCfg = Debug|Any CPU
		{60BE2DB7-050D-49EE-A03A-E1A2A9C6C059}.Debug|ARM.Build.0 = Debug|Any CPU
		{60BE2DB7-050D-49EE-A03A-E1A2A9C6C059}.Debug|ARM64.ActiveCfg = Debug|Any CPU
		{60BE2DB7-050D-49EE-A03A-E1A2A9C6C059}.Debug|ARM64.Build.0 = Debug|Any CPU
		{60BE2DB7-050D-49EE-A03A-E1A2A9C6C059}.Debug|x64.ActiveCfg = Debug|Any CPU
		{60BE2DB7-050D-49EE-A03A-E1A2A9C6C059}.Debug|x64.Build.0 = Debug|Any CPU
		{60BE2DB7-050D-49EE-A03A-E1A2A9C6C059}.Debug|x86.ActiveCfg = Debug|Any CPU
		{60BE2DB7-050D-49EE-A03A-E1A2A9C6C059}.Debug|x86.Build.0 = Debug|Any CPU
		{60BE2DB7-050D-49EE-A03A-E1A2A9C6C059}.Release|Any CPU.ActiveCfg = Release|Any CPU
		{60BE2DB7-050D-49EE-A03A-E1A2A9C6C059}.Release|Any CPU.Build.0 = Release|Any CPU
		{60BE2DB7-050D-49EE-A03A-E1A2A9C6C059}.Release|ARM.ActiveCfg = Release|Any CPU
		{60BE2DB7-050D-49EE-A03A-E1A2A9C6C059}.Release|ARM.Build.0 = Release|Any CPU
		{60BE2DB7-050D-49EE-A03A-E1A2A9C6C059}.Release|ARM64.ActiveCfg = Release|Any CPU
		{60BE2DB7-050D-49EE-A03A-E1A2A9C6C059}.Release|ARM64.Build.0 = Release|Any CPU
		{60BE2DB7-050D-49EE-A03A-E1A2A9C6C059}.Release|x64.ActiveCfg = Release|Any CPU
		{60BE2DB7-050D-49EE-A03A-E1A2A9C6C059}.Release|x64.Build.0 = Release|Any CPU
		{60BE2DB7-050D-49EE-A03A-E1A2A9C6C059}.Release|x86.ActiveCfg = Release|Any CPU
		{60BE2DB7-050D-49EE-A03A-E1A2A9C6C059}.Release|x86.Build.0 = Release|Any CPU
	EndGlobalSection
	GlobalSection(SolutionProperties) = preSolution
		HideSolutionNode = FALSE
	EndGlobalSection
	GlobalSection(ExtensibilityGlobals) = postSolution
		SolutionGuid = {7017B829-A763-492B-A5C0-CE0C7C15F6AB}
	EndGlobalSection
EndGlobal
